
Microsoft Visual Studio Solution File, Format Version 12.00
# Visual Studio 15
VisualStudioVersion = 15.0.26730.8
MinimumVisualStudioVersion = 10.0.40219.1
Project("{9A19103F-16F7-4668-BE54-9A1E7A4F7556}") = "Aps.Auth", "Aps.Auth\Aps.Auth.csproj", "{1ECD96F9-87AC-48DC-9D1E-E7E83EE5EEBF}"
EndProject
Project("{9A19103F-16F7-4668-BE54-9A1E7A4F7556}") = "Aps.Api", "Aps.Api\Aps.Api.csproj", "{9F5992FB-D414-41BB-8829-DEAB3899AFF5}"
EndProject
Project("{9A19103F-16F7-4668-BE54-9A1E7A4F7556}") = "Aps.PspClient", "Aps.PspClient\Aps.PspClient.csproj", "{F372389F-F433-4180-A00C-4049D9908076}"
EndProject
Global
	GlobalSection(SolutionConfigurationPlatforms) = preSolution
		Debug|Any CPU = Debug|Any CPU
		Release|Any CPU = Release|Any CPU
	EndGlobalSection
	GlobalSection(ProjectConfigurationPlatforms) = postSolution
		{1ECD96F9-87AC-48DC-9D1E-E7E83EE5EEBF}.Debug|Any CPU.ActiveCfg = Debug|Any CPU
		{1ECD96F9-87AC-48DC-9D1E-E7E83EE5EEBF}.Debug|Any CPU.Build.0 = Debug|Any CPU
		{1ECD96F9-87AC-48DC-9D1E-E7E83EE5EEBF}.Release|Any CPU.ActiveCfg = Release|Any CPU
		{1ECD96F9-87AC-48DC-9D1E-E7E83EE5EEBF}.Release|Any CPU.Build.0 = Release|Any CPU
		{9F5992FB-D414-41BB-8829-DEAB3899AFF5}.Debug|Any CPU.ActiveCfg = Debug|Any CPU
		{9F5992FB-D414-41BB-8829-DEAB3899AFF5}.Debug|Any CPU.Build.0 = Debug|Any CPU
		{9F5992FB-D414-41BB-8829-DEAB3899AFF5}.Release|Any CPU.ActiveCfg = Release|Any CPU
		{9F5992FB-D414-41BB-8829-DEAB3899AFF5}.Release|Any CPU.Build.0 = Release|Any CPU
		{F372389F-F433-4180-A00C-4049D9908076}.Debug|Any CPU.ActiveCfg = Debug|Any CPU
		{F372389F-F433-4180-A00C-4049D9908076}.Debug|Any CPU.Build.0 = Debug|Any CPU
		{F372389F-F433-4180-A00C-4049D9908076}.Release|Any CPU.ActiveCfg = Release|Any CPU
		{F372389F-F433-4180-A00C-4049D9908076}.Release|Any CPU.Build.0 = Release|Any CPU
	EndGlobalSection
	GlobalSection(SolutionProperties) = preSolution
		HideSolutionNode = FALSE
	EndGlobalSection
	GlobalSection(ExtensibilityGlobals) = postSolution
		SolutionGuid = {5B03D9FE-435E-4263-8B38-A6D8F51006DE}
	EndGlobalSection
EndGlobal
